
Microsoft Visual Studio Solution File, Format Version 12.00
# Visual Studio Version 17
VisualStudioVersion = 17.2.32630.192
MinimumVisualStudioVersion = 10.0.40219.1
Project("{FAE04EC0-301F-11D3-BF4B-00C04F79EFBC}") = "ProjectOne", "ProjectOne\ProjectOne.csproj", "{803EA0F3-A4F7-47B5-B5BE-2927FAD13037}"
EndProject
Project("{FAE04EC0-301F-11D3-BF4B-00C04F79EFBC}") = "BusinessLayer", "BusinessLayer\BusinessLayer.csproj", "{8C263112-ED32-4651-B670-D107D7D3BB58}"
EndProject
Project("{FAE04EC0-301F-11D3-BF4B-00C04F79EFBC}") = "Models", "Models\Models.csproj", "{96018182-2D4D-42E3-AE0B-CF458D9EF6B1}"
EndProject
Project("{FAE04EC0-301F-11D3-BF4B-00C04F79EFBC}") = "RepoLayer", "RepoLayer\RepoLayer.csproj", "{0CA7C88B-2297-43C7-BF8B-E2146B9A56E2}"
EndProject
Global
	GlobalSection(SolutionConfigurationPlatforms) = preSolution
		Debug|Any CPU = Debug|Any CPU
		Release|Any CPU = Release|Any CPU
	EndGlobalSection
	GlobalSection(ProjectConfigurationPlatforms) = postSolution
		{803EA0F3-A4F7-47B5-B5BE-2927FAD13037}.Debug|Any CPU.ActiveCfg = Debug|Any CPU
		{803EA0F3-A4F7-47B5-B5BE-2927FAD13037}.Debug|Any CPU.Build.0 = Debug|Any CPU
		{803EA0F3-A4F7-47B5-B5BE-2927FAD13037}.Release|Any CPU.ActiveCfg = Release|Any CPU
		{803EA0F3-A4F7-47B5-B5BE-2927FAD13037}.Release|Any CPU.Build.0 = Release|Any CPU
		{8C263112-ED32-4651-B670-D107D7D3BB58}.Debug|Any CPU.ActiveCfg = Debug|Any CPU
		{8C263112-ED32-4651-B670-D107D7D3BB58}.Debug|Any CPU.Build.0 = Debug|Any CPU
		{8C263112-ED32-4651-B670-D107D7D3BB58}.Release|Any CPU.ActiveCfg = Release|Any CPU
		{8C263112-ED32-4651-B670-D107D7D3BB58}.Release|Any CPU.Build.0 = Release|Any CPU
		{96018182-2D4D-42E3-AE0B-CF458D9EF6B1}.Debug|Any CPU.ActiveCfg = Debug|Any CPU
		{96018182-2D4D-42E3-AE0B-CF458D9EF6B1}.Debug|Any CPU.Build.0 = Debug|Any CPU
		{96018182-2D4D-42E3-AE0B-CF458D9EF6B1}.Release|Any CPU.ActiveCfg = Release|Any CPU
		{96018182-2D4D-42E3-AE0B-CF458D9EF6B1}.Release|Any CPU.Build.0 = Release|Any CPU
		{0CA7C88B-2297-43C7-BF8B-E2146B9A56E2}.Debug|Any CPU.ActiveCfg = Debug|Any CPU
		{0CA7C88B-2297-43C7-BF8B-E2146B9A56E2}.Debug|Any CPU.Build.0 = Debug|Any CPU
		{0CA7C88B-2297-43C7-BF8B-E2146B9A56E2}.Release|Any CPU.ActiveCfg = Release|Any CPU
		{0CA7C88B-2297-43C7-BF8B-E2146B9A56E2}.Release|Any CPU.Build.0 = Release|Any CPU
	EndGlobalSection
	GlobalSection(SolutionProperties) = preSolution
		HideSolutionNode = FALSE
	EndGlobalSection
	GlobalSection(ExtensibilityGlobals) = postSolution
		SolutionGuid = {FE435499-71C0-442E-BA68-22702FEFB37C}
	EndGlobalSection
EndGlobal
