
Microsoft Visual Studio Solution File, Format Version 12.00
# Visual Studio Version 17
VisualStudioVersion = 17.3.32825.248
MinimumVisualStudioVersion = 10.0.40219.1
Project("{FAE04EC0-301F-11D3-BF4B-00C04F79EFBC}") = "P2", "P2.csproj", "{EE58DF4E-A6EF-4B96-A848-F04F3C5D326B}"
EndProject
Global
	GlobalSection(SolutionConfigurationPlatforms) = preSolution
		Debug|Any CPU = Debug|Any CPU
		Release|Any CPU = Release|Any CPU
	EndGlobalSection
	GlobalSection(ProjectConfigurationPlatforms) = postSolution
		{EE58DF4E-A6EF-4B96-A848-F04F3C5D326B}.Debug|Any CPU.ActiveCfg = Debug|Any CPU
		{EE58DF4E-A6EF-4B96-A848-F04F3C5D326B}.Debug|Any CPU.Build.0 = Debug|Any CPU
		{EE58DF4E-A6EF-4B96-A848-F04F3C5D326B}.Release|Any CPU.ActiveCfg = Release|Any CPU
		{EE58DF4E-A6EF-4B96-A848-F04F3C5D326B}.Release|Any CPU.Build.0 = Release|Any CPU
	EndGlobalSection
	GlobalSection(SolutionProperties) = preSolution
		HideSolutionNode = FALSE
	EndGlobalSection
	GlobalSection(ExtensibilityGlobals) = postSolution
		SolutionGuid = {5472D5A8-F10E-4A27-9A0B-205E0EDBDF12}
	EndGlobalSection
EndGlobal
